
Microsoft Visual Studio Solution File, Format Version 12.00
# Visual Studio Version 16
VisualStudioVersion = 16.0.31112.23
MinimumVisualStudioVersion = 10.0.40219.1
Project("{2150E333-8FDC-42A3-9474-1A3956D46DE8}") = "Chapter01", "Chapter01", "{D02F1E49-C52F-4834-87D8-8A326B756DEE}"
EndProject
Project("{FAE04EC0-301F-11D3-BF4B-00C04F79EFBC}") = "DistanceConverter", "DistanceConverter\DistanceConverter.csproj", "{0B7D3C33-99E6-4ABF-ADF6-845CAC64B816}"
EndProject
Project("{FAE04EC0-301F-11D3-BF4B-00C04F79EFBC}") = "SalesCalculator", "SalesCalculator\SalesCalculator.csproj", "{D32552C9-0BB5-4306-BC60-35C8555C90C2}"
EndProject
Project("{2150E333-8FDC-42A3-9474-1A3956D46DE8}") = "Chapter02", "Chapter02", "{FBD39F30-EEBE-4C68-9394-22877202DFD6}"
EndProject
Project("{FAE04EC0-301F-11D3-BF4B-00C04F79EFBC}") = "Exercise1", "Exercise1\Exercise1.csproj", "{32ABF0BC-5044-4C2E-A176-B2E410775C85}"
EndProject
Project("{2150E333-8FDC-42A3-9474-1A3956D46DE8}") = "Exercise", "Exercise", "{256BD761-00A3-4121-8216-56CF033C9357}"
EndProject
Project("{FAE04EC0-301F-11D3-BF4B-00C04F79EFBC}") = "Exercise2", "Exercise2\Exercise2.csproj", "{600ECAC2-23E0-42F9-A3B9-D993EB116795}"
EndProject
Project("{FAE04EC0-301F-11D3-BF4B-00C04F79EFBC}") = "Exercise3", "Exercise3\Exercise3.csproj", "{C020EEFB-EA2A-4F17-BF0D-6B167FF03D71}"
EndProject
Project("{2150E333-8FDC-42A3-9474-1A3956D46DE8}") = "Chapter03", "Chapter03", "{27D514BB-3136-4F67-BED2-1C9046964318}"
EndProject
Project("{FAE04EC0-301F-11D3-BF4B-00C04F79EFBC}") = "Section01", "Section01\Section01.csproj", "{5B15E3D0-03EE-494F-BD7F-7A08239069CB}"
EndProject
Project("{FAE04EC0-301F-11D3-BF4B-00C04F79EFBC}") = "Section01", "Chapter04\Section01\Section01.csproj", "{977C7251-6EB3-4829-B8A2-93F7DF652E24}"
EndProject
Project("{2150E333-8FDC-42A3-9474-1A3956D46DE8}") = "Chapter04", "Chapter04", "{A3C82032-3A0F-4A7F-87A1-555697220FFF}"
EndProject
Project("{2150E333-8FDC-42A3-9474-1A3956D46DE8}") = "Exercise", "Exercise", "{91C9EAF2-1218-4F12-B4B0-3D9778341E5A}"
EndProject
Project("{FAE04EC0-301F-11D3-BF4B-00C04F79EFBC}") = "Exercise2", "Chapter04\Exercise\Exercise2\Exercise2.csproj", "{1D68116F-56B8-446E-9852-CEB6EB6D2222}"
EndProject
Project("{FAE04EC0-301F-11D3-BF4B-00C04F79EFBC}") = "Exercise1", "Chapter04\Exercise\Exercise1\Exercise1.csproj", "{522F6AF1-8A99-43EF-9898-D3BF7C0F3D9B}"
EndProject
Project("{FAE04EC0-301F-11D3-BF4B-00C04F79EFBC}") = "Exercise1", "Chapter05\Exercise1\Exercise1.csproj", "{BA4BFB61-FA10-4720-AD39-02CB28EE04C3}"
EndProject
Project("{2150E333-8FDC-42A3-9474-1A3956D46DE8}") = "Chapter05", "Chapter05", "{715AD7F0-F494-4EEC-85FB-31F604A7B177}"
EndProject
Project("{FAE04EC0-301F-11D3-BF4B-00C04F79EFBC}") = "Test01", "TestProject\Test01\Test01.csproj", "{2BFACDC3-F44D-4199-8498-F5C3C4AC0335}"
EndProject
Project("{FAE04EC0-301F-11D3-BF4B-00C04F79EFBC}") = "Test02", "TestProject\Test02\Test02.csproj", "{E461C0A8-8900-485C-B520-E929BA33F712}"
EndProject
Project("{2150E333-8FDC-42A3-9474-1A3956D46DE8}") = "TestProject", "TestProject", "{9980A0CE-5242-480B-8F73-3BD7AC444BA6}"
EndProject
Global
	GlobalSection(SolutionConfigurationPlatforms) = preSolution
		Debug|Any CPU = Debug|Any CPU
		Release|Any CPU = Release|Any CPU
	EndGlobalSection
	GlobalSection(ProjectConfigurationPlatforms) = postSolution
		{0B7D3C33-99E6-4ABF-ADF6-845CAC64B816}.Debug|Any CPU.ActiveCfg = Debug|Any CPU
		{0B7D3C33-99E6-4ABF-ADF6-845CAC64B816}.Debug|Any CPU.Build.0 = Debug|Any CPU
		{0B7D3C33-99E6-4ABF-ADF6-845CAC64B816}.Release|Any CPU.ActiveCfg = Release|Any CPU
		{0B7D3C33-99E6-4ABF-ADF6-845CAC64B816}.Release|Any CPU.Build.0 = Release|Any CPU
		{D32552C9-0BB5-4306-BC60-35C8555C90C2}.Debug|Any CPU.ActiveCfg = Debug|Any CPU
		{D32552C9-0BB5-4306-BC60-35C8555C90C2}.Debug|Any CPU.Build.0 = Debug|Any CPU
		{D32552C9-0BB5-4306-BC60-35C8555C90C2}.Release|Any CPU.ActiveCfg = Release|Any CPU
		{D32552C9-0BB5-4306-BC60-35C8555C90C2}.Release|Any CPU.Build.0 = Release|Any CPU
		{32ABF0BC-5044-4C2E-A176-B2E410775C85}.Debug|Any CPU.ActiveCfg = Debug|Any CPU
		{32ABF0BC-5044-4C2E-A176-B2E410775C85}.Debug|Any CPU.Build.0 = Debug|Any CPU
		{32ABF0BC-5044-4C2E-A176-B2E410775C85}.Release|Any CPU.ActiveCfg = Release|Any CPU
		{32ABF0BC-5044-4C2E-A176-B2E410775C85}.Release|Any CPU.Build.0 = Release|Any CPU
		{600ECAC2-23E0-42F9-A3B9-D993EB116795}.Debug|Any CPU.ActiveCfg = Debug|Any CPU
		{600ECAC2-23E0-42F9-A3B9-D993EB116795}.Debug|Any CPU.Build.0 = Debug|Any CPU
		{600ECAC2-23E0-42F9-A3B9-D993EB116795}.Release|Any CPU.ActiveCfg = Release|Any CPU
		{600ECAC2-23E0-42F9-A3B9-D993EB116795}.Release|Any CPU.Build.0 = Release|Any CPU
		{C020EEFB-EA2A-4F17-BF0D-6B167FF03D71}.Debug|Any CPU.ActiveCfg = Debug|Any CPU
		{C020EEFB-EA2A-4F17-BF0D-6B167FF03D71}.Debug|Any CPU.Build.0 = Debug|Any CPU
		{C020EEFB-EA2A-4F17-BF0D-6B167FF03D71}.Release|Any CPU.ActiveCfg = Release|Any CPU
		{C020EEFB-EA2A-4F17-BF0D-6B167FF03D71}.Release|Any CPU.Build.0 = Release|Any CPU
		{5B15E3D0-03EE-494F-BD7F-7A08239069CB}.Debug|Any CPU.ActiveCfg = Debug|Any CPU
		{5B15E3D0-03EE-494F-BD7F-7A08239069CB}.Debug|Any CPU.Build.0 = Debug|Any CPU
		{5B15E3D0-03EE-494F-BD7F-7A08239069CB}.Release|Any CPU.ActiveCfg = Release|Any CPU
		{5B15E3D0-03EE-494F-BD7F-7A08239069CB}.Release|Any CPU.Build.0 = Release|Any CPU
		{977C7251-6EB3-4829-B8A2-93F7DF652E24}.Debug|Any CPU.ActiveCfg = Debug|Any CPU
		{977C7251-6EB3-4829-B8A2-93F7DF652E24}.Debug|Any CPU.Build.0 = Debug|Any CPU
		{977C7251-6EB3-4829-B8A2-93F7DF652E24}.Release|Any CPU.ActiveCfg = Release|Any CPU
		{977C7251-6EB3-4829-B8A2-93F7DF652E24}.Release|Any CPU.Build.0 = Release|Any CPU
		{1D68116F-56B8-446E-9852-CEB6EB6D2222}.Debug|Any CPU.ActiveCfg = Debug|Any CPU
		{1D68116F-56B8-446E-9852-CEB6EB6D2222}.Debug|Any CPU.Build.0 = Debug|Any CPU
		{1D68116F-56B8-446E-9852-CEB6EB6D2222}.Release|Any CPU.ActiveCfg = Release|Any CPU
		{1D68116F-56B8-446E-9852-CEB6EB6D2222}.Release|Any CPU.Build.0 = Release|Any CPU
		{522F6AF1-8A99-43EF-9898-D3BF7C0F3D9B}.Debug|Any CPU.ActiveCfg = Debug|Any CPU
		{522F6AF1-8A99-43EF-9898-D3BF7C0F3D9B}.Debug|Any CPU.Build.0 = Debug|Any CPU
		{522F6AF1-8A99-43EF-9898-D3BF7C0F3D9B}.Release|Any CPU.ActiveCfg = Release|Any CPU
		{522F6AF1-8A99-43EF-9898-D3BF7C0F3D9B}.Release|Any CPU.Build.0 = Release|Any CPU
		{BA4BFB61-FA10-4720-AD39-02CB28EE04C3}.Debug|Any CPU.ActiveCfg = Debug|Any CPU
		{BA4BFB61-FA10-4720-AD39-02CB28EE04C3}.Debug|Any CPU.Build.0 = Debug|Any CPU
		{BA4BFB61-FA10-4720-AD39-02CB28EE04C3}.Release|Any CPU.ActiveCfg = Release|Any CPU
		{BA4BFB61-FA10-4720-AD39-02CB28EE04C3}.Release|Any CPU.Build.0 = Release|Any CPU
		{2BFACDC3-F44D-4199-8498-F5C3C4AC0335}.Debug|Any CPU.ActiveCfg = Debug|Any CPU
		{2BFACDC3-F44D-4199-8498-F5C3C4AC0335}.Debug|Any CPU.Build.0 = Debug|Any CPU
		{2BFACDC3-F44D-4199-8498-F5C3C4AC0335}.Release|Any CPU.ActiveCfg = Release|Any CPU
		{2BFACDC3-F44D-4199-8498-F5C3C4AC0335}.Release|Any CPU.Build.0 = Release|Any CPU
		{E461C0A8-8900-485C-B520-E929BA33F712}.Debug|Any CPU.ActiveCfg = Debug|Any CPU
		{E461C0A8-8900-485C-B520-E929BA33F712}.Debug|Any CPU.Build.0 = Debug|Any CPU
		{E461C0A8-8900-485C-B520-E929BA33F712}.Release|Any CPU.ActiveCfg = Release|Any CPU
		{E461C0A8-8900-485C-B520-E929BA33F712}.Release|Any CPU.Build.0 = Release|Any CPU
	EndGlobalSection
	GlobalSection(SolutionProperties) = preSolution
		HideSolutionNode = FALSE
	EndGlobalSection
	GlobalSection(NestedProjects) = preSolution
		{0B7D3C33-99E6-4ABF-ADF6-845CAC64B816} = {D02F1E49-C52F-4834-87D8-8A326B756DEE}
		{D32552C9-0BB5-4306-BC60-35C8555C90C2} = {FBD39F30-EEBE-4C68-9394-22877202DFD6}
		{FBD39F30-EEBE-4C68-9394-22877202DFD6} = {D02F1E49-C52F-4834-87D8-8A326B756DEE}
		{32ABF0BC-5044-4C2E-A176-B2E410775C85} = {256BD761-00A3-4121-8216-56CF033C9357}
		{256BD761-00A3-4121-8216-56CF033C9357} = {D02F1E49-C52F-4834-87D8-8A326B756DEE}
		{600ECAC2-23E0-42F9-A3B9-D993EB116795} = {256BD761-00A3-4121-8216-56CF033C9357}
		{C020EEFB-EA2A-4F17-BF0D-6B167FF03D71} = {256BD761-00A3-4121-8216-56CF033C9357}
		{27D514BB-3136-4F67-BED2-1C9046964318} = {D02F1E49-C52F-4834-87D8-8A326B756DEE}
		{5B15E3D0-03EE-494F-BD7F-7A08239069CB} = {27D514BB-3136-4F67-BED2-1C9046964318}
		{977C7251-6EB3-4829-B8A2-93F7DF652E24} = {A3C82032-3A0F-4A7F-87A1-555697220FFF}
		{91C9EAF2-1218-4F12-B4B0-3D9778341E5A} = {A3C82032-3A0F-4A7F-87A1-555697220FFF}
		{1D68116F-56B8-446E-9852-CEB6EB6D2222} = {91C9EAF2-1218-4F12-B4B0-3D9778341E5A}
		{522F6AF1-8A99-43EF-9898-D3BF7C0F3D9B} = {91C9EAF2-1218-4F12-B4B0-3D9778341E5A}
		{BA4BFB61-FA10-4720-AD39-02CB28EE04C3} = {715AD7F0-F494-4EEC-85FB-31F604A7B177}
		{2BFACDC3-F44D-4199-8498-F5C3C4AC0335} = {9980A0CE-5242-480B-8F73-3BD7AC444BA6}
		{E461C0A8-8900-485C-B520-E929BA33F712} = {9980A0CE-5242-480B-8F73-3BD7AC444BA6}
	EndGlobalSection
	GlobalSection(ExtensibilityGlobals) = postSolution
		SolutionGuid = {AE2BA585-DC81-48A5-9356-A45FB38647F8}
	EndGlobalSection
EndGlobal
