
Microsoft Visual Studio Solution File, Format Version 12.00
# Visual Studio Version 16
VisualStudioVersion = 16.0.31112.23
MinimumVisualStudioVersion = 10.0.40219.1
Project("{2150E333-8FDC-42A3-9474-1A3956D46DE8}") = "Chapter01", "Chapter01", "{D02F1E49-C52F-4834-87D8-8A326B756DEE}"
EndProject
Project("{FAE04EC0-301F-11D3-BF4B-00C04F79EFBC}") = "DistanceConverter", "DistanceConverter\DistanceConverter.csproj", "{0B7D3C33-99E6-4ABF-ADF6-845CAC64B816}"
EndProject
Project("{FAE04EC0-301F-11D3-BF4B-00C04F79EFBC}") = "SalesCalculator", "SalesCalculator\SalesCalculator.csproj", "{D32552C9-0BB5-4306-BC60-35C8555C90C2}"
EndProject
Project("{2150E333-8FDC-42A3-9474-1A3956D46DE8}") = "Chapter02", "Chapter02", "{FBD39F30-EEBE-4C68-9394-22877202DFD6}"
EndProject
Project("{FAE04EC0-301F-11D3-BF4B-00C04F79EFBC}") = "Exercise1", "Exercise1\Exercise1.csproj", "{32ABF0BC-5044-4C2E-A176-B2E410775C85}"
EndProject
Project("{2150E333-8FDC-42A3-9474-1A3956D46DE8}") = "Exercise", "Exercise", "{256BD761-00A3-4121-8216-56CF033C9357}"
EndProject
Project("{FAE04EC0-301F-11D3-BF4B-00C04F79EFBC}") = "Exercise2", "Exercise2\Exercise2.csproj", "{600ECAC2-23E0-42F9-A3B9-D993EB116795}"
EndProject
Project("{FAE04EC0-301F-11D3-BF4B-00C04F79EFBC}") = "Exercise3", "Exercise3\Exercise3.csproj", "{C020EEFB-EA2A-4F17-BF0D-6B167FF03D71}"
EndProject
Project("{2150E333-8FDC-42A3-9474-1A3956D46DE8}") = "Chapter03", "Chapter03", "{27D514BB-3136-4F67-BED2-1C9046964318}"
EndProject
Project("{FAE04EC0-301F-11D3-BF4B-00C04F79EFBC}") = "Section01", "Section01\Section01.csproj", "{5B15E3D0-03EE-494F-BD7F-7A08239069CB}"
EndProject
Project("{FAE04EC0-301F-11D3-BF4B-00C04F79EFBC}") = "Section01", "Chapter04\Section01\Section01.csproj", "{977C7251-6EB3-4829-B8A2-93F7DF652E24}"
EndProject
Project("{2150E333-8FDC-42A3-9474-1A3956D46DE8}") = "Chapter04", "Chapter04", "{A3C82032-3A0F-4A7F-87A1-555697220FFF}"
EndProject
Project("{2150E333-8FDC-42A3-9474-1A3956D46DE8}") = "Exercise", "Exercise", "{91C9EAF2-1218-4F12-B4B0-3D9778341E5A}"
EndProject
Project("{FAE04EC0-301F-11D3-BF4B-00C04F79EFBC}") = "Exercise2", "Chapter04\Exercise\Exercise2\Exercise2.csproj", "{1D68116F-56B8-446E-9852-CEB6EB6D2222}"
EndProject
Project("{FAE04EC0-301F-11D3-BF4B-00C04F79EFBC}") = "Exercise1", "Chapter04\Exercise\Exercise1\Exercise1.csproj", "{522F6AF1-8A99-43EF-9898-D3BF7C0F3D9B}"
EndProject
Project("{FAE04EC0-301F-11D3-BF4B-00C04F79EFBC}") = "Exercise1", "Chapter05\Exercise1\Exercise1.csproj", "{BA4BFB61-FA10-4720-AD39-02CB28EE04C3}"
EndProject
Project("{2150E333-8FDC-42A3-9474-1A3956D46DE8}") = "Chapter05", "Chapter05", "{715AD7F0-F494-4EEC-85FB-31F604A7B177}"
EndProject
Project("{FAE04EC0-301F-11D3-BF4B-00C04F79EFBC}") = "Test01", "TestProject\Test01\Test01.csproj", "{2BFACDC3-F44D-4199-8498-F5C3C4AC0335}"
EndProject
Project("{FAE04EC0-301F-11D3-BF4B-00C04F79EFBC}") = "Test02", "TestProject\Test02\Test02.csproj", "{E461C0A8-8900-485C-B520-E929BA33F712}"
EndProject
Project("{2150E333-8FDC-42A3-9474-1A3956D46DE8}") = "TestProject", "TestProject", "{9980A0CE-5242-480B-8F73-3BD7AC444BA6}"
EndProject
Project("{FAE04EC0-301F-11D3-BF4B-00C04F79EFBC}") = "Exercise2", "Chapter05\Exercise2\Exercise2.csproj", "{26110E69-0CD4-4D43-A0C0-3CF2689518F4}"
EndProject
Project("{FAE04EC0-301F-11D3-BF4B-00C04F79EFBC}") = "Excercise3", "Chapter05\Excercise3\Excercise3.csproj", "{2388E5AE-E611-4EA3-8F3D-A1A028C9E679}"
EndProject
Project("{FAE04EC0-301F-11D3-BF4B-00C04F79EFBC}") = "Exercise4", "Chapter05\Exercise4\Exercise4.csproj", "{8F818D71-3C55-4291-BB76-D0B871F0CD29}"
EndProject
Project("{FAE04EC0-301F-11D3-BF4B-00C04F79EFBC}") = "WindowsFormsApp1", "Chapter06\WindowsFormsApp1\WindowsFormsApp1.csproj", "{6FCA4BB1-68D1-46D1-A7A7-03C96D213F7E}"
EndProject
Project("{2150E333-8FDC-42A3-9474-1A3956D46DE8}") = "Chapter06", "Chapter06", "{D21A8983-0268-43FC-A981-31ED652902AA}"
EndProject
Project("{FAE04EC0-301F-11D3-BF4B-00C04F79EFBC}") = "Section01", "Chapter06\Section01\Section01.csproj", "{26B1C2F8-AFEE-4519-92D8-CE9B97BF0E5C}"
EndProject
Project("{FAE04EC0-301F-11D3-BF4B-00C04F79EFBC}") = "Exercise1", "Chapter06\Exercise\Exercise1\Exercise1.csproj", "{5B1CF820-CB1A-4077-B2C6-56CD12243BF9}"
EndProject
Project("{2150E333-8FDC-42A3-9474-1A3956D46DE8}") = "Exercise", "Exercise", "{B294F74A-B1E8-4953-B74A-E2E04D5E100E}"
EndProject
Project("{FAE04EC0-301F-11D3-BF4B-00C04F79EFBC}") = "Exercise2", "Chapter06\Exercise2\Exercise2.csproj", "{B058FE62-1EB4-4EAF-8ADC-9B2D62EF540A}"
EndProject
Project("{FAE04EC0-301F-11D3-BF4B-00C04F79EFBC}") = "Exercise1", "Chapter07\WindowsFormsApp2\Exercise1.csproj", "{E12B6C46-B575-4263-BAF2-A9474DD6C8AC}"
EndProject
Project("{2150E333-8FDC-42A3-9474-1A3956D46DE8}") = "Chapter07", "Chapter07", "{44A39F24-C419-4D41-AC25-60460F63A184}"
EndProject
Project("{FAE04EC0-301F-11D3-BF4B-00C04F79EFBC}") = "Exercise03", "Chapter07\Exercise03\Exercise03.csproj", "{7BBCBC56-7AF8-4BC8-9EA1-4D6BA690D237}"
EndProject
Project("{2150E333-8FDC-42A3-9474-1A3956D46DE8}") = "Chapter08", "Chapter08", "{D2F1036E-77A2-4B54-9EF7-79B516F6C3AF}"
EndProject
Project("{FAE04EC0-301F-11D3-BF4B-00C04F79EFBC}") = "Exercise1", "Chapter08\Exercise1\Exercise1.csproj", "{BEA6EF11-8A4E-4835-B712-43869407F44C}"
EndProject
Project("{FAE04EC0-301F-11D3-BF4B-00C04F79EFBC}") = "Exercise", "Chapter08\Exersise\Exercise\Exercise.csproj", "{B210B44C-321C-4585-8AB4-0350AF4DBD08}"
EndProject
Project("{2150E333-8FDC-42A3-9474-1A3956D46DE8}") = "Timer", "Timer", "{1255F31B-1D2F-4F21-8706-26E358B20CD0}"
EndProject
Project("{FAE04EC0-301F-11D3-BF4B-00C04F79EFBC}") = "StopWatch", "Chapter08\StopWatch\StopWatch.csproj", "{55658F0B-0EBC-4948-8F64-4E4030ADCB19}"
EndProject
Project("{2150E333-8FDC-42A3-9474-1A3956D46DE8}") = "CarReportSystem", "CarReportSystem", "{5902E242-EA73-46D6-98E0-909370412E24}"
EndProject
Project("{FAE04EC0-301F-11D3-BF4B-00C04F79EFBC}") = "CarReportSystem", "CarReportSystem\CarReportSystem\CarReportSystem.csproj", "{3142B536-A10E-46A1-A361-7CE1C62E4765}"
EndProject
Project("{2150E333-8FDC-42A3-9474-1A3956D46DE8}") = "Solution Items", "Solution Items", "{DA57549D-6CCF-40D0-B2D0-95EFC16222A3}"
	ProjectSection(SolutionItems) = preProject
		.editorconfig = .editorconfig
	EndProjectSection
EndProject
Project("{FAE04EC0-301F-11D3-BF4B-00C04F79EFBC}") = "Exercise1", "Chapter09\Chapter09\Exercise1.csproj", "{B5DA04DB-51C4-4B18-B9AC-17A27F4C8B9F}"
EndProject
Project("{2150E333-8FDC-42A3-9474-1A3956D46DE8}") = "Chapter09", "Chapter09", "{FFC33669-D13A-426D-8E26-FF154C3E5E8A}"
EndProject
Project("{FAE04EC0-301F-11D3-BF4B-00C04F79EFBC}") = "Exercise2", "Chapter09\Exercise2\Exercise2.csproj", "{8553B5DA-8111-4254-AB6E-6E75F817141A}"
EndProject
Project("{FAE04EC0-301F-11D3-BF4B-00C04F79EFBC}") = "SendMail", "SendMail\SendMail\SendMail.csproj", "{B9D5BF5A-502F-4DAB-BE09-EBED81044326}"
EndProject
Project("{FAE04EC0-301F-11D3-BF4B-00C04F79EFBC}") = "SampleEntityFramework", "EntityFramework\SampleEntityFramework\SampleEntityFramework.csproj", "{BDF7669A-466B-4784-915E-478ADAB49592}"
EndProject
Project("{2150E333-8FDC-42A3-9474-1A3956D46DE8}") = "Chapter13", "Chapter13", "{4C8A81D4-F4A0-4B9A-B2A4-AACB161EA924}"
EndProject
Project("{2150E333-8FDC-42A3-9474-1A3956D46DE8}") = "ADO.NET", "ADO.NET", "{788AA0BA-4D3D-4D90-90BC-D66B8284A3FC}"
EndProject
Project("{FAE04EC0-301F-11D3-BF4B-00C04F79EFBC}") = "AddressBook", "ADO.NET\AddressBook\AddressBook.csproj", "{E22C2AB5-4813-4D09-B8B9-808445051786}"
EndProject
Global
	GlobalSection(SolutionConfigurationPlatforms) = preSolution
		Debug|Any CPU = Debug|Any CPU
		Release|Any CPU = Release|Any CPU
	EndGlobalSection
	GlobalSection(ProjectConfigurationPlatforms) = postSolution
		{0B7D3C33-99E6-4ABF-ADF6-845CAC64B816}.Debug|Any CPU.ActiveCfg = Debug|Any CPU
		{0B7D3C33-99E6-4ABF-ADF6-845CAC64B816}.Debug|Any CPU.Build.0 = Debug|Any CPU
		{0B7D3C33-99E6-4ABF-ADF6-845CAC64B816}.Release|Any CPU.ActiveCfg = Release|Any CPU
		{0B7D3C33-99E6-4ABF-ADF6-845CAC64B816}.Release|Any CPU.Build.0 = Release|Any CPU
		{D32552C9-0BB5-4306-BC60-35C8555C90C2}.Debug|Any CPU.ActiveCfg = Debug|Any CPU
		{D32552C9-0BB5-4306-BC60-35C8555C90C2}.Debug|Any CPU.Build.0 = Debug|Any CPU
		{D32552C9-0BB5-4306-BC60-35C8555C90C2}.Release|Any CPU.ActiveCfg = Release|Any CPU
		{D32552C9-0BB5-4306-BC60-35C8555C90C2}.Release|Any CPU.Build.0 = Release|Any CPU
		{32ABF0BC-5044-4C2E-A176-B2E410775C85}.Debug|Any CPU.ActiveCfg = Debug|Any CPU
		{32ABF0BC-5044-4C2E-A176-B2E410775C85}.Debug|Any CPU.Build.0 = Debug|Any CPU
		{32ABF0BC-5044-4C2E-A176-B2E410775C85}.Release|Any CPU.ActiveCfg = Release|Any CPU
		{32ABF0BC-5044-4C2E-A176-B2E410775C85}.Release|Any CPU.Build.0 = Release|Any CPU
		{600ECAC2-23E0-42F9-A3B9-D993EB116795}.Debug|Any CPU.ActiveCfg = Debug|Any CPU
		{600ECAC2-23E0-42F9-A3B9-D993EB116795}.Debug|Any CPU.Build.0 = Debug|Any CPU
		{600ECAC2-23E0-42F9-A3B9-D993EB116795}.Release|Any CPU.ActiveCfg = Release|Any CPU
		{600ECAC2-23E0-42F9-A3B9-D993EB116795}.Release|Any CPU.Build.0 = Release|Any CPU
		{C020EEFB-EA2A-4F17-BF0D-6B167FF03D71}.Debug|Any CPU.ActiveCfg = Debug|Any CPU
		{C020EEFB-EA2A-4F17-BF0D-6B167FF03D71}.Debug|Any CPU.Build.0 = Debug|Any CPU
		{C020EEFB-EA2A-4F17-BF0D-6B167FF03D71}.Release|Any CPU.ActiveCfg = Release|Any CPU
		{C020EEFB-EA2A-4F17-BF0D-6B167FF03D71}.Release|Any CPU.Build.0 = Release|Any CPU
		{5B15E3D0-03EE-494F-BD7F-7A08239069CB}.Debug|Any CPU.ActiveCfg = Debug|Any CPU
		{5B15E3D0-03EE-494F-BD7F-7A08239069CB}.Debug|Any CPU.Build.0 = Debug|Any CPU
		{5B15E3D0-03EE-494F-BD7F-7A08239069CB}.Release|Any CPU.ActiveCfg = Release|Any CPU
		{5B15E3D0-03EE-494F-BD7F-7A08239069CB}.Release|Any CPU.Build.0 = Release|Any CPU
		{977C7251-6EB3-4829-B8A2-93F7DF652E24}.Debug|Any CPU.ActiveCfg = Debug|Any CPU
		{977C7251-6EB3-4829-B8A2-93F7DF652E24}.Debug|Any CPU.Build.0 = Debug|Any CPU
		{977C7251-6EB3-4829-B8A2-93F7DF652E24}.Release|Any CPU.ActiveCfg = Release|Any CPU
		{977C7251-6EB3-4829-B8A2-93F7DF652E24}.Release|Any CPU.Build.0 = Release|Any CPU
		{1D68116F-56B8-446E-9852-CEB6EB6D2222}.Debug|Any CPU.ActiveCfg = Debug|Any CPU
		{1D68116F-56B8-446E-9852-CEB6EB6D2222}.Debug|Any CPU.Build.0 = Debug|Any CPU
		{1D68116F-56B8-446E-9852-CEB6EB6D2222}.Release|Any CPU.ActiveCfg = Release|Any CPU
		{1D68116F-56B8-446E-9852-CEB6EB6D2222}.Release|Any CPU.Build.0 = Release|Any CPU
		{522F6AF1-8A99-43EF-9898-D3BF7C0F3D9B}.Debug|Any CPU.ActiveCfg = Debug|Any CPU
		{522F6AF1-8A99-43EF-9898-D3BF7C0F3D9B}.Debug|Any CPU.Build.0 = Debug|Any CPU
		{522F6AF1-8A99-43EF-9898-D3BF7C0F3D9B}.Release|Any CPU.ActiveCfg = Release|Any CPU
		{522F6AF1-8A99-43EF-9898-D3BF7C0F3D9B}.Release|Any CPU.Build.0 = Release|Any CPU
		{BA4BFB61-FA10-4720-AD39-02CB28EE04C3}.Debug|Any CPU.ActiveCfg = Debug|Any CPU
		{BA4BFB61-FA10-4720-AD39-02CB28EE04C3}.Debug|Any CPU.Build.0 = Debug|Any CPU
		{BA4BFB61-FA10-4720-AD39-02CB28EE04C3}.Release|Any CPU.ActiveCfg = Release|Any CPU
		{BA4BFB61-FA10-4720-AD39-02CB28EE04C3}.Release|Any CPU.Build.0 = Release|Any CPU
		{2BFACDC3-F44D-4199-8498-F5C3C4AC0335}.Debug|Any CPU.ActiveCfg = Debug|Any CPU
		{2BFACDC3-F44D-4199-8498-F5C3C4AC0335}.Debug|Any CPU.Build.0 = Debug|Any CPU
		{2BFACDC3-F44D-4199-8498-F5C3C4AC0335}.Release|Any CPU.ActiveCfg = Release|Any CPU
		{2BFACDC3-F44D-4199-8498-F5C3C4AC0335}.Release|Any CPU.Build.0 = Release|Any CPU
		{E461C0A8-8900-485C-B520-E929BA33F712}.Debug|Any CPU.ActiveCfg = Debug|Any CPU
		{E461C0A8-8900-485C-B520-E929BA33F712}.Debug|Any CPU.Build.0 = Debug|Any CPU
		{E461C0A8-8900-485C-B520-E929BA33F712}.Release|Any CPU.ActiveCfg = Release|Any CPU
		{E461C0A8-8900-485C-B520-E929BA33F712}.Release|Any CPU.Build.0 = Release|Any CPU
		{26110E69-0CD4-4D43-A0C0-3CF2689518F4}.Debug|Any CPU.ActiveCfg = Debug|Any CPU
		{26110E69-0CD4-4D43-A0C0-3CF2689518F4}.Debug|Any CPU.Build.0 = Debug|Any CPU
		{26110E69-0CD4-4D43-A0C0-3CF2689518F4}.Release|Any CPU.ActiveCfg = Release|Any CPU
		{26110E69-0CD4-4D43-A0C0-3CF2689518F4}.Release|Any CPU.Build.0 = Release|Any CPU
		{2388E5AE-E611-4EA3-8F3D-A1A028C9E679}.Debug|Any CPU.ActiveCfg = Debug|Any CPU
		{2388E5AE-E611-4EA3-8F3D-A1A028C9E679}.Debug|Any CPU.Build.0 = Debug|Any CPU
		{2388E5AE-E611-4EA3-8F3D-A1A028C9E679}.Release|Any CPU.ActiveCfg = Release|Any CPU
		{2388E5AE-E611-4EA3-8F3D-A1A028C9E679}.Release|Any CPU.Build.0 = Release|Any CPU
		{8F818D71-3C55-4291-BB76-D0B871F0CD29}.Debug|Any CPU.ActiveCfg = Debug|Any CPU
		{8F818D71-3C55-4291-BB76-D0B871F0CD29}.Debug|Any CPU.Build.0 = Debug|Any CPU
		{8F818D71-3C55-4291-BB76-D0B871F0CD29}.Release|Any CPU.ActiveCfg = Release|Any CPU
		{8F818D71-3C55-4291-BB76-D0B871F0CD29}.Release|Any CPU.Build.0 = Release|Any CPU
		{6FCA4BB1-68D1-46D1-A7A7-03C96D213F7E}.Debug|Any CPU.ActiveCfg = Debug|Any CPU
		{6FCA4BB1-68D1-46D1-A7A7-03C96D213F7E}.Debug|Any CPU.Build.0 = Debug|Any CPU
		{6FCA4BB1-68D1-46D1-A7A7-03C96D213F7E}.Release|Any CPU.ActiveCfg = Release|Any CPU
		{6FCA4BB1-68D1-46D1-A7A7-03C96D213F7E}.Release|Any CPU.Build.0 = Release|Any CPU
		{26B1C2F8-AFEE-4519-92D8-CE9B97BF0E5C}.Debug|Any CPU.ActiveCfg = Debug|Any CPU
		{26B1C2F8-AFEE-4519-92D8-CE9B97BF0E5C}.Debug|Any CPU.Build.0 = Debug|Any CPU
		{26B1C2F8-AFEE-4519-92D8-CE9B97BF0E5C}.Release|Any CPU.ActiveCfg = Release|Any CPU
		{26B1C2F8-AFEE-4519-92D8-CE9B97BF0E5C}.Release|Any CPU.Build.0 = Release|Any CPU
		{5B1CF820-CB1A-4077-B2C6-56CD12243BF9}.Debug|Any CPU.ActiveCfg = Debug|Any CPU
		{5B1CF820-CB1A-4077-B2C6-56CD12243BF9}.Debug|Any CPU.Build.0 = Debug|Any CPU
		{5B1CF820-CB1A-4077-B2C6-56CD12243BF9}.Release|Any CPU.ActiveCfg = Release|Any CPU
		{5B1CF820-CB1A-4077-B2C6-56CD12243BF9}.Release|Any CPU.Build.0 = Release|Any CPU
		{B058FE62-1EB4-4EAF-8ADC-9B2D62EF540A}.Debug|Any CPU.ActiveCfg = Debug|Any CPU
		{B058FE62-1EB4-4EAF-8ADC-9B2D62EF540A}.Debug|Any CPU.Build.0 = Debug|Any CPU
		{B058FE62-1EB4-4EAF-8ADC-9B2D62EF540A}.Release|Any CPU.ActiveCfg = Release|Any CPU
		{B058FE62-1EB4-4EAF-8ADC-9B2D62EF540A}.Release|Any CPU.Build.0 = Release|Any CPU
		{E12B6C46-B575-4263-BAF2-A9474DD6C8AC}.Debug|Any CPU.ActiveCfg = Debug|Any CPU
		{E12B6C46-B575-4263-BAF2-A9474DD6C8AC}.Debug|Any CPU.Build.0 = Debug|Any CPU
		{E12B6C46-B575-4263-BAF2-A9474DD6C8AC}.Release|Any CPU.ActiveCfg = Release|Any CPU
		{E12B6C46-B575-4263-BAF2-A9474DD6C8AC}.Release|Any CPU.Build.0 = Release|Any CPU
		{7BBCBC56-7AF8-4BC8-9EA1-4D6BA690D237}.Debug|Any CPU.ActiveCfg = Debug|Any CPU
		{7BBCBC56-7AF8-4BC8-9EA1-4D6BA690D237}.Debug|Any CPU.Build.0 = Debug|Any CPU
		{7BBCBC56-7AF8-4BC8-9EA1-4D6BA690D237}.Release|Any CPU.ActiveCfg = Release|Any CPU
		{7BBCBC56-7AF8-4BC8-9EA1-4D6BA690D237}.Release|Any CPU.Build.0 = Release|Any CPU
		{BEA6EF11-8A4E-4835-B712-43869407F44C}.Debug|Any CPU.ActiveCfg = Debug|Any CPU
		{BEA6EF11-8A4E-4835-B712-43869407F44C}.Debug|Any CPU.Build.0 = Debug|Any CPU
		{BEA6EF11-8A4E-4835-B712-43869407F44C}.Release|Any CPU.ActiveCfg = Release|Any CPU
		{BEA6EF11-8A4E-4835-B712-43869407F44C}.Release|Any CPU.Build.0 = Release|Any CPU
		{B210B44C-321C-4585-8AB4-0350AF4DBD08}.Debug|Any CPU.ActiveCfg = Debug|Any CPU
		{B210B44C-321C-4585-8AB4-0350AF4DBD08}.Debug|Any CPU.Build.0 = Debug|Any CPU
		{B210B44C-321C-4585-8AB4-0350AF4DBD08}.Release|Any CPU.ActiveCfg = Release|Any CPU
		{B210B44C-321C-4585-8AB4-0350AF4DBD08}.Release|Any CPU.Build.0 = Release|Any CPU
		{55658F0B-0EBC-4948-8F64-4E4030ADCB19}.Debug|Any CPU.ActiveCfg = Debug|Any CPU
		{55658F0B-0EBC-4948-8F64-4E4030ADCB19}.Debug|Any CPU.Build.0 = Debug|Any CPU
		{55658F0B-0EBC-4948-8F64-4E4030ADCB19}.Release|Any CPU.ActiveCfg = Release|Any CPU
		{55658F0B-0EBC-4948-8F64-4E4030ADCB19}.Release|Any CPU.Build.0 = Release|Any CPU
		{3142B536-A10E-46A1-A361-7CE1C62E4765}.Debug|Any CPU.ActiveCfg = Debug|Any CPU
		{3142B536-A10E-46A1-A361-7CE1C62E4765}.Debug|Any CPU.Build.0 = Debug|Any CPU
		{3142B536-A10E-46A1-A361-7CE1C62E4765}.Release|Any CPU.ActiveCfg = Release|Any CPU
		{3142B536-A10E-46A1-A361-7CE1C62E4765}.Release|Any CPU.Build.0 = Release|Any CPU
		{B5DA04DB-51C4-4B18-B9AC-17A27F4C8B9F}.Debug|Any CPU.ActiveCfg = Debug|Any CPU
		{B5DA04DB-51C4-4B18-B9AC-17A27F4C8B9F}.Debug|Any CPU.Build.0 = Debug|Any CPU
		{B5DA04DB-51C4-4B18-B9AC-17A27F4C8B9F}.Release|Any CPU.ActiveCfg = Release|Any CPU
		{B5DA04DB-51C4-4B18-B9AC-17A27F4C8B9F}.Release|Any CPU.Build.0 = Release|Any CPU
		{8553B5DA-8111-4254-AB6E-6E75F817141A}.Debug|Any CPU.ActiveCfg = Debug|Any CPU
		{8553B5DA-8111-4254-AB6E-6E75F817141A}.Debug|Any CPU.Build.0 = Debug|Any CPU
		{8553B5DA-8111-4254-AB6E-6E75F817141A}.Release|Any CPU.ActiveCfg = Release|Any CPU
		{8553B5DA-8111-4254-AB6E-6E75F817141A}.Release|Any CPU.Build.0 = Release|Any CPU
		{B9D5BF5A-502F-4DAB-BE09-EBED81044326}.Debug|Any CPU.ActiveCfg = Debug|Any CPU
		{B9D5BF5A-502F-4DAB-BE09-EBED81044326}.Debug|Any CPU.Build.0 = Debug|Any CPU
		{B9D5BF5A-502F-4DAB-BE09-EBED81044326}.Release|Any CPU.ActiveCfg = Release|Any CPU
		{B9D5BF5A-502F-4DAB-BE09-EBED81044326}.Release|Any CPU.Build.0 = Release|Any CPU
		{BDF7669A-466B-4784-915E-478ADAB49592}.Debug|Any CPU.ActiveCfg = Debug|Any CPU
		{BDF7669A-466B-4784-915E-478ADAB49592}.Debug|Any CPU.Build.0 = Debug|Any CPU
		{BDF7669A-466B-4784-915E-478ADAB49592}.Release|Any CPU.ActiveCfg = Release|Any CPU
		{BDF7669A-466B-4784-915E-478ADAB49592}.Release|Any CPU.Build.0 = Release|Any CPU
		{E22C2AB5-4813-4D09-B8B9-808445051786}.Debug|Any CPU.ActiveCfg = Debug|Any CPU
		{E22C2AB5-4813-4D09-B8B9-808445051786}.Debug|Any CPU.Build.0 = Debug|Any CPU
		{E22C2AB5-4813-4D09-B8B9-808445051786}.Release|Any CPU.ActiveCfg = Release|Any CPU
		{E22C2AB5-4813-4D09-B8B9-808445051786}.Release|Any CPU.Build.0 = Release|Any CPU
	EndGlobalSection
	GlobalSection(SolutionProperties) = preSolution
		HideSolutionNode = FALSE
	EndGlobalSection
	GlobalSection(NestedProjects) = preSolution
		{0B7D3C33-99E6-4ABF-ADF6-845CAC64B816} = {D02F1E49-C52F-4834-87D8-8A326B756DEE}
		{D32552C9-0BB5-4306-BC60-35C8555C90C2} = {FBD39F30-EEBE-4C68-9394-22877202DFD6}
		{FBD39F30-EEBE-4C68-9394-22877202DFD6} = {D02F1E49-C52F-4834-87D8-8A326B756DEE}
		{32ABF0BC-5044-4C2E-A176-B2E410775C85} = {256BD761-00A3-4121-8216-56CF033C9357}
		{256BD761-00A3-4121-8216-56CF033C9357} = {D02F1E49-C52F-4834-87D8-8A326B756DEE}
		{600ECAC2-23E0-42F9-A3B9-D993EB116795} = {256BD761-00A3-4121-8216-56CF033C9357}
		{C020EEFB-EA2A-4F17-BF0D-6B167FF03D71} = {256BD761-00A3-4121-8216-56CF033C9357}
		{27D514BB-3136-4F67-BED2-1C9046964318} = {D02F1E49-C52F-4834-87D8-8A326B756DEE}
		{5B15E3D0-03EE-494F-BD7F-7A08239069CB} = {27D514BB-3136-4F67-BED2-1C9046964318}
		{977C7251-6EB3-4829-B8A2-93F7DF652E24} = {A3C82032-3A0F-4A7F-87A1-555697220FFF}
		{91C9EAF2-1218-4F12-B4B0-3D9778341E5A} = {A3C82032-3A0F-4A7F-87A1-555697220FFF}
		{1D68116F-56B8-446E-9852-CEB6EB6D2222} = {91C9EAF2-1218-4F12-B4B0-3D9778341E5A}
		{522F6AF1-8A99-43EF-9898-D3BF7C0F3D9B} = {91C9EAF2-1218-4F12-B4B0-3D9778341E5A}
		{BA4BFB61-FA10-4720-AD39-02CB28EE04C3} = {715AD7F0-F494-4EEC-85FB-31F604A7B177}
		{2BFACDC3-F44D-4199-8498-F5C3C4AC0335} = {9980A0CE-5242-480B-8F73-3BD7AC444BA6}
		{E461C0A8-8900-485C-B520-E929BA33F712} = {9980A0CE-5242-480B-8F73-3BD7AC444BA6}
		{26110E69-0CD4-4D43-A0C0-3CF2689518F4} = {715AD7F0-F494-4EEC-85FB-31F604A7B177}
		{2388E5AE-E611-4EA3-8F3D-A1A028C9E679} = {715AD7F0-F494-4EEC-85FB-31F604A7B177}
		{8F818D71-3C55-4291-BB76-D0B871F0CD29} = {715AD7F0-F494-4EEC-85FB-31F604A7B177}
		{6FCA4BB1-68D1-46D1-A7A7-03C96D213F7E} = {715AD7F0-F494-4EEC-85FB-31F604A7B177}
		{26B1C2F8-AFEE-4519-92D8-CE9B97BF0E5C} = {D21A8983-0268-43FC-A981-31ED652902AA}
		{5B1CF820-CB1A-4077-B2C6-56CD12243BF9} = {B294F74A-B1E8-4953-B74A-E2E04D5E100E}
		{B294F74A-B1E8-4953-B74A-E2E04D5E100E} = {D21A8983-0268-43FC-A981-31ED652902AA}
		{B058FE62-1EB4-4EAF-8ADC-9B2D62EF540A} = {B294F74A-B1E8-4953-B74A-E2E04D5E100E}
		{E12B6C46-B575-4263-BAF2-A9474DD6C8AC} = {44A39F24-C419-4D41-AC25-60460F63A184}
		{7BBCBC56-7AF8-4BC8-9EA1-4D6BA690D237} = {44A39F24-C419-4D41-AC25-60460F63A184}
		{BEA6EF11-8A4E-4835-B712-43869407F44C} = {D2F1036E-77A2-4B54-9EF7-79B516F6C3AF}
		{B210B44C-321C-4585-8AB4-0350AF4DBD08} = {D2F1036E-77A2-4B54-9EF7-79B516F6C3AF}
		{1255F31B-1D2F-4F21-8706-26E358B20CD0} = {D2F1036E-77A2-4B54-9EF7-79B516F6C3AF}
		{55658F0B-0EBC-4948-8F64-4E4030ADCB19} = {1255F31B-1D2F-4F21-8706-26E358B20CD0}
		{3142B536-A10E-46A1-A361-7CE1C62E4765} = {5902E242-EA73-46D6-98E0-909370412E24}
		{B5DA04DB-51C4-4B18-B9AC-17A27F4C8B9F} = {FFC33669-D13A-426D-8E26-FF154C3E5E8A}
		{FFC33669-D13A-426D-8E26-FF154C3E5E8A} = {DA57549D-6CCF-40D0-B2D0-95EFC16222A3}
		{8553B5DA-8111-4254-AB6E-6E75F817141A} = {FFC33669-D13A-426D-8E26-FF154C3E5E8A}
		{BDF7669A-466B-4784-915E-478ADAB49592} = {4C8A81D4-F4A0-4B9A-B2A4-AACB161EA924}
		{E22C2AB5-4813-4D09-B8B9-808445051786} = {788AA0BA-4D3D-4D90-90BC-D66B8284A3FC}
	EndGlobalSection
	GlobalSection(ExtensibilityGlobals) = postSolution
		SolutionGuid = {AE2BA585-DC81-48A5-9356-A45FB38647F8}
	EndGlobalSection
EndGlobal
